
Microsoft Visual Studio Solution File, Format Version 12.00
# Visual Studio Version 17
VisualStudioVersion = 17.5.33530.505
MinimumVisualStudioVersion = 10.0.40219.1
Project("{FAE04EC0-301F-11D3-BF4B-00C04F79EFBC}") = "Record", "Record.csproj", "{B7A75490-FA72-4D40-AA8F-445EA9CBEC54}"
EndProject
Global
	GlobalSection(SolutionConfigurationPlatforms) = preSolution
		Debug|Any CPU = Debug|Any CPU
		Release|Any CPU = Release|Any CPU
	EndGlobalSection
	GlobalSection(ProjectConfigurationPlatforms) = postSolution
		{B7A75490-FA72-4D40-AA8F-445EA9CBEC54}.Debug|Any CPU.ActiveCfg = Debug|Any CPU
		{B7A75490-FA72-4D40-AA8F-445EA9CBEC54}.Debug|Any CPU.Build.0 = Debug|Any CPU
		{B7A75490-FA72-4D40-AA8F-445EA9CBEC54}.Release|Any CPU.ActiveCfg = Release|Any CPU
		{B7A75490-FA72-4D40-AA8F-445EA9CBEC54}.Release|Any CPU.Build.0 = Release|Any CPU
	EndGlobalSection
	GlobalSection(SolutionProperties) = preSolution
		HideSolutionNode = FALSE
	EndGlobalSection
	GlobalSection(ExtensibilityGlobals) = postSolution
		SolutionGuid = {4BB4C8F1-7DCE-4ECC-9685-F76C8742AE49}
	EndGlobalSection
EndGlobal
